<?xml version="1.0" encoding="utf-8"?>
<Project ToolsVersion="4.0" xmlns="http://schemas.microsoft.com/developer/msbuild/2003">
  <ItemGroup>
    <Filter Include="Source Files">
      <UniqueIdentifier>{4FC737F1-C7A5-4376-A066-2A32D752A2FF}</UniqueIdentifier>
      <Extensions>cpp;c;cc;cxx;def;odl;idl;hpj;bat;asm;asmx</Extensions>
    </Filter>
    <Filter Include="Header Files">
      <UniqueIdentifier>{93995380-89BD-4b04-88EB-625FBE52EBFB}</UniqueIdentifier>
      <Extensions>h;hpp;hxx;hm;inl;inc;xsd</Extensions>
    </Filter>
    <Filter Include="Resource Files">
      <UniqueIdentifier>{67DA6AB6-F800-4c08-8B7A-83BB121AAD01}</UniqueIdentifier>
      <Extensions>rc;ico;cur;bmp;dlg;rc2;rct;bin;rgs;gif;jpg;jpeg;jpe;resx;tiff;tif;png;wav</Extensions>
    </Filter>
    <Filter Include="Tests">
      <UniqueIdentifier>{d379bd5a-9031-4577-b38c-80a64df4777e}</UniqueIdentifier>
    </Filter>
    <Filter Include="Test Results">
      <UniqueIdentifier>{bf9ff30a-20a1-4805-9886-915c7734ea0f}</UniqueIdentifier>
    </Filter>
    <Filter Include="External Files">
      <UniqueIdentifier>{7ca409e5-e4d7-44b9-a396-d2c455073560}</UniqueIdentifier>
    </Filter>
  </ItemGroup>
  <ItemGroup>
    <None Include="msbuildreorderTest.x86.release.xml">
      <Filter>Test Results</Filter>
    </None>
    <None Include="msbuildreorderTest.x86.debug.xml">
      <Filter>Test Results</Filter>
    </None>
  </ItemGroup>
  <ItemGroup>
    <ClInclude Include="..\tests\application.h">
      <Filter>Header Files</Filter>
    </ClInclude>
    <ClInclude Include="..\tests\gtesthelper.h">
      <Filter>Header Files</Filter>
    </ClInclude>
    <ClInclude Include="..\tests\TestBuildLogManager.h">
      <Filter>Tests</Filter>
    </ClInclude>
    <ClInclude Include="..\src\BuildLogManager.h">
      <Filter>External Files</Filter>
    </ClInclude>
    <ClInclude Include="..\tests\TestEnvironmentFunc.h">
      <Filter>Tests</Filter>
    </ClInclude>
    <ClInclude Include="..\tests\TestFilesystemFunc.h">
      <Filter>Tests</Filter>
    </ClInclude>
    <ClInclude Include="..\tests\TestStringFunc.h">
      <Filter>Tests</Filter>
    </ClInclude>
    <ClInclude Include="..\src\environmentfunc.h">
      <Filter>External Files</Filter>
    </ClInclude>
    <ClInclude Include="..\src\filesystemfunc.h">
      <Filter>External Files</Filter>
    </ClInclude>
    <ClInclude Include="..\src\stringfunc.h">
      <Filter>External Files</Filter>
    </ClInclude>
  </ItemGroup>
  <ItemGroup>
    <ClCompile Include="..\tests\application.cpp">
      <Filter>Source Files</Filter>
    </ClCompile>
    <ClCompile Include="..\tests\gtesthelper.cpp">
      <Filter>Source Files</Filter>
    </ClCompile>
    <ClCompile Include="..\tests\main.cpp">
      <Filter>Source Files</Filter>
    </ClCompile>
    <ClCompile Include="..\tests\TestBuildLogManager.cpp">
      <Filter>Tests</Filter>
    </ClCompile>
    <ClCompile Include="..\src\BuildLogManager.cpp">
      <Filter>External Files</Filter>
    </ClCompile>
    <ClCompile Include="..\tests\TestEnvironmentFunc.cpp">
      <Filter>Tests</Filter>
    </ClCompile>
    <ClCompile Include="..\tests\TestFilesystemFunc.cpp">
      <Filter>Tests</Filter>
    </ClCompile>
    <ClCompile Include="..\tests\TestStringFunc.cpp">
      <Filter>Tests</Filter>
    </ClCompile>
    <ClCompile Include="..\src\environmentfunc.cpp">
      <Filter>External Files</Filter>
    </ClCompile>
    <ClCompile Include="..\src\filesystemfunc.cpp">
      <Filter>External Files</Filter>
    </ClCompile>
    <ClCompile Include="..\src\stringfunc.cpp">
      <Filter>External Files</Filter>
    </ClCompile>
  </ItemGroup>
</Project>