
Microsoft Visual Studio Solution File, Format Version 11.00
# Visual C++ Express 2010
Project("{8BC9CEB8-8B4A-11D0-8D11-00A0C91BC942}") = "msbuildreorder", "msbuildreorder.vcxproj", "{F014F42C-5B28-4F29-B962-26B93C156668}"
EndProject
Project("{8BC9CEB8-8B4A-11D0-8D11-00A0C91BC942}") = "msbuildreorder_unittest", "msbuildreorder_unittest.vcxproj", "{F94CF513-A1D8-4425-BE89-EDAE6A973474}"
EndProject
Global
	GlobalSection(SolutionConfigurationPlatforms) = preSolution
		Debug|Win32 = Debug|Win32
		Release|Win32 = Release|Win32
	EndGlobalSection
	GlobalSection(ProjectConfigurationPlatforms) = postSolution
		{F014F42C-5B28-4F29-B962-26B93C156668}.Debug|Win32.ActiveCfg = Debug|Win32
		{F014F42C-5B28-4F29-B962-26B93C156668}.Debug|Win32.Build.0 = Debug|Win32
		{F014F42C-5B28-4F29-B962-26B93C156668}.Release|Win32.ActiveCfg = Release|Win32
		{F014F42C-5B28-4F29-B962-26B93C156668}.Release|Win32.Build.0 = Release|Win32
		{F94CF513-A1D8-4425-BE89-EDAE6A973474}.Debug|Win32.ActiveCfg = Debug|Win32
		{F94CF513-A1D8-4425-BE89-EDAE6A973474}.Debug|Win32.Build.0 = Debug|Win32
		{F94CF513-A1D8-4425-BE89-EDAE6A973474}.Release|Win32.ActiveCfg = Release|Win32
		{F94CF513-A1D8-4425-BE89-EDAE6A973474}.Release|Win32.Build.0 = Release|Win32
	EndGlobalSection
	GlobalSection(SolutionProperties) = preSolution
		HideSolutionNode = FALSE
	EndGlobalSection
EndGlobal
